// !$*UTF8*$!
{
	archiveVersion = 1;
	classes = {
	};
	objectVersion = 50;
	objects = {

/* Begin PBXBuildFile section */
		B18234E4214CB8620056A72F /* AppDelegate.swift in Sources */ = {isa = PBXBuildFile; fileRef = B18234E3214CB8620056A72F /* AppDelegate.swift */; };
		B18234F9214CB8630056A72F /* DeliveryTests.swift in Sources */ = {isa = PBXBuildFile; fileRef = B18234F8214CB8630056A72F /* DeliveryTests.swift */; };
		B1823515214CB9040056A72F /* Assets.xcassets in Resources */ = {isa = PBXBuildFile; fileRef = B1823508214CB9040056A72F /* Assets.xcassets */; };
		B1823516214CB9040056A72F /* LaunchScreen.storyboard in Resources */ = {isa = PBXBuildFile; fileRef = B182350A214CB9040056A72F /* LaunchScreen.storyboard */; };
		B1823517214CB9040056A72F /* Main.storyboard in Resources */ = {isa = PBXBuildFile; fileRef = B182350C214CB9040056A72F /* Main.storyboard */; };
		B182351A214CB9960056A72F /* DeliveryListViewController.swift in Sources */ = {isa = PBXBuildFile; fileRef = B1823519214CB9960056A72F /* DeliveryListViewController.swift */; };
		B182351C214CB9E50056A72F /* DeliveryListCoordinator.swift in Sources */ = {isa = PBXBuildFile; fileRef = B182351B214CB9E50056A72F /* DeliveryListCoordinator.swift */; };
		B182351E214CC1430056A72F /* Model.swift in Sources */ = {isa = PBXBuildFile; fileRef = B182351D214CC1430056A72F /* Model.swift */; };
		B1823520214CF7580056A72F /* UIView+Layout.swift in Sources */ = {isa = PBXBuildFile; fileRef = B182351F214CF7580056A72F /* UIView+Layout.swift */; };
		B1823524214D14E80056A72F /* DeliveryCell.swift in Sources */ = {isa = PBXBuildFile; fileRef = B1823523214D14E80056A72F /* DeliveryCell.swift */; };
		B1823526214D1EAE0056A72F /* Constants.swift in Sources */ = {isa = PBXBuildFile; fileRef = B1823525214D1EAE0056A72F /* Constants.swift */; };
		B1D54A762152923900EE72B2 /* Reusable.swift in Sources */ = {isa = PBXBuildFile; fileRef = B1D54A752152923900EE72B2 /* Reusable.swift */; };
		B1DEF0562150A03A0002EBD2 /* DeliveryDetailContract.swift in Sources */ = {isa = PBXBuildFile; fileRef = B1DEF0552150A03A0002EBD2 /* DeliveryDetailContract.swift */; };
		B1DEF0582150AF680002EBD2 /* Delivery+Extension.swift in Sources */ = {isa = PBXBuildFile; fileRef = B1DEF0572150AF680002EBD2 /* Delivery+Extension.swift */; };
		B1EE3634214D7BAA003068CD /* NetworkManager.swift in Sources */ = {isa = PBXBuildFile; fileRef = B1EE3633214D7BAA003068CD /* NetworkManager.swift */; };
		B1EE3636214E34D6003068CD /* CoreDataManager.swift in Sources */ = {isa = PBXBuildFile; fileRef = B1EE3635214E34D6003068CD /* CoreDataManager.swift */; };
		B1EE3639214E34F0003068CD /* Delivery.xcdatamodeld in Sources */ = {isa = PBXBuildFile; fileRef = B1EE3637214E34F0003068CD /* Delivery.xcdatamodeld */; };
		B1EE363E214E73D5003068CD /* BaseViewController.swift in Sources */ = {isa = PBXBuildFile; fileRef = B1EE363D214E73D5003068CD /* BaseViewController.swift */; };
		B1EE3640214F5A45003068CD /* DeliveryDetailViewController.swift in Sources */ = {isa = PBXBuildFile; fileRef = B1EE363F214F5A44003068CD /* DeliveryDetailViewController.swift */; };
		B1EE3642214F5B62003068CD /* MapViewCell.swift in Sources */ = {isa = PBXBuildFile; fileRef = B1EE3641214F5B62003068CD /* MapViewCell.swift */; };
		B1EE36442150013F003068CD /* BaseCollectionViewController.swift in Sources */ = {isa = PBXBuildFile; fileRef = B1EE36432150013F003068CD /* BaseCollectionViewController.swift */; };
		B1EE364721500B15003068CD /* DeliveryListContract.swift in Sources */ = {isa = PBXBuildFile; fileRef = B1EE364621500B15003068CD /* DeliveryListContract.swift */; };
		B1EE364C21501262003068CD /* CollectionViewContract.swift in Sources */ = {isa = PBXBuildFile; fileRef = B1EE364B21501262003068CD /* CollectionViewContract.swift */; };
		B6D38DC0659B5D75D1C5C225 /* Pods_DeliveryTests.framework in Frameworks */ = {isa = PBXBuildFile; fileRef = 2173F7BCE97D6097D952E102 /* Pods_DeliveryTests.framework */; };
		BDA4E566599499CE02979477 /* Pods_Delivery.framework in Frameworks */ = {isa = PBXBuildFile; fileRef = F55C4CED88EA7EA7380B6346 /* Pods_Delivery.framework */; };
/* End PBXBuildFile section */

/* Begin PBXContainerItemProxy section */
		B18234F5214CB8630056A72F /* PBXContainerItemProxy */ = {
			isa = PBXContainerItemProxy;
			containerPortal = B18234D8214CB8620056A72F /* Project object */;
			proxyType = 1;
			remoteGlobalIDString = B18234DF214CB8620056A72F;
			remoteInfo = Delivery;
		};
/* End PBXContainerItemProxy section */

/* Begin PBXFileReference section */
		0549AC075C6882541D614609 /* Pods-DeliveryTests.debug.xcconfig */ = {isa = PBXFileReference; includeInIndex = 1; lastKnownFileType = text.xcconfig; name = "Pods-DeliveryTests.debug.xcconfig"; path = "Pods/Target Support Files/Pods-DeliveryTests/Pods-DeliveryTests.debug.xcconfig"; sourceTree = "<group>"; };
		2173F7BCE97D6097D952E102 /* Pods_DeliveryTests.framework */ = {isa = PBXFileReference; explicitFileType = wrapper.framework; includeInIndex = 0; path = Pods_DeliveryTests.framework; sourceTree = BUILT_PRODUCTS_DIR; };
		5575A878D3B12140D27D2563 /* Pods-DeliveryTests.release.xcconfig */ = {isa = PBXFileReference; includeInIndex = 1; lastKnownFileType = text.xcconfig; name = "Pods-DeliveryTests.release.xcconfig"; path = "Pods/Target Support Files/Pods-DeliveryTests/Pods-DeliveryTests.release.xcconfig"; sourceTree = "<group>"; };
		8B2282BB4F5775DA2CD32FAA /* Pods-Delivery.debug.xcconfig */ = {isa = PBXFileReference; includeInIndex = 1; lastKnownFileType = text.xcconfig; name = "Pods-Delivery.debug.xcconfig"; path = "Pods/Target Support Files/Pods-Delivery/Pods-Delivery.debug.xcconfig"; sourceTree = "<group>"; };
		B18234E0214CB8620056A72F /* Delivery.app */ = {isa = PBXFileReference; explicitFileType = wrapper.application; includeInIndex = 0; path = Delivery.app; sourceTree = BUILT_PRODUCTS_DIR; };
		B18234E3214CB8620056A72F /* AppDelegate.swift */ = {isa = PBXFileReference; lastKnownFileType = sourcecode.swift; path = AppDelegate.swift; sourceTree = "<group>"; };
		B18234F4214CB8630056A72F /* DeliveryTests.xctest */ = {isa = PBXFileReference; explicitFileType = wrapper.cfbundle; includeInIndex = 0; path = DeliveryTests.xctest; sourceTree = BUILT_PRODUCTS_DIR; };
		B18234F8214CB8630056A72F /* DeliveryTests.swift */ = {isa = PBXFileReference; lastKnownFileType = sourcecode.swift; path = DeliveryTests.swift; sourceTree = "<group>"; };
		B18234FA214CB8630056A72F /* Info.plist */ = {isa = PBXFileReference; lastKnownFileType = text.plist.xml; path = Info.plist; sourceTree = "<group>"; };
		B1823506214CB9040056A72F /* Info.plist */ = {isa = PBXFileReference; fileEncoding = 4; lastKnownFileType = text.plist.xml; path = Info.plist; sourceTree = "<group>"; };
		B1823508214CB9040056A72F /* Assets.xcassets */ = {isa = PBXFileReference; lastKnownFileType = folder.assetcatalog; path = Assets.xcassets; sourceTree = "<group>"; };
		B182350B214CB9040056A72F /* Base */ = {isa = PBXFileReference; lastKnownFileType = file.storyboard; name = Base; path = Base.lproj/LaunchScreen.storyboard; sourceTree = "<group>"; };
		B182350D214CB9040056A72F /* Base */ = {isa = PBXFileReference; lastKnownFileType = file.storyboard; name = Base; path = Base.lproj/Main.storyboard; sourceTree = "<group>"; };
		B1823519214CB9960056A72F /* DeliveryListViewController.swift */ = {isa = PBXFileReference; lastKnownFileType = sourcecode.swift; path = DeliveryListViewController.swift; sourceTree = "<group>"; };
		B182351B214CB9E50056A72F /* DeliveryListCoordinator.swift */ = {isa = PBXFileReference; lastKnownFileType = sourcecode.swift; path = DeliveryListCoordinator.swift; sourceTree = "<group>"; };
		B182351D214CC1430056A72F /* Model.swift */ = {isa = PBXFileReference; lastKnownFileType = sourcecode.swift; path = Model.swift; sourceTree = "<group>"; };
		B182351F214CF7580056A72F /* UIView+Layout.swift */ = {isa = PBXFileReference; lastKnownFileType = sourcecode.swift; path = "UIView+Layout.swift"; sourceTree = "<group>"; };
		B1823523214D14E80056A72F /* DeliveryCell.swift */ = {isa = PBXFileReference; lastKnownFileType = sourcecode.swift; path = DeliveryCell.swift; sourceTree = "<group>"; };
		B1823525214D1EAE0056A72F /* Constants.swift */ = {isa = PBXFileReference; lastKnownFileType = sourcecode.swift; path = Constants.swift; sourceTree = "<group>"; };
		B1D54A752152923900EE72B2 /* Reusable.swift */ = {isa = PBXFileReference; lastKnownFileType = sourcecode.swift; path = Reusable.swift; sourceTree = "<group>"; };
		B1DEF0552150A03A0002EBD2 /* DeliveryDetailContract.swift */ = {isa = PBXFileReference; lastKnownFileType = sourcecode.swift; path = DeliveryDetailContract.swift; sourceTree = "<group>"; };
		B1DEF0572150AF680002EBD2 /* Delivery+Extension.swift */ = {isa = PBXFileReference; lastKnownFileType = sourcecode.swift; path = "Delivery+Extension.swift"; sourceTree = "<group>"; };
		B1EE3633214D7BAA003068CD /* NetworkManager.swift */ = {isa = PBXFileReference; lastKnownFileType = sourcecode.swift; path = NetworkManager.swift; sourceTree = "<group>"; };
		B1EE3635214E34D6003068CD /* CoreDataManager.swift */ = {isa = PBXFileReference; lastKnownFileType = sourcecode.swift; path = CoreDataManager.swift; sourceTree = "<group>"; };
		B1EE3638214E34F0003068CD /* Delivery.xcdatamodel */ = {isa = PBXFileReference; lastKnownFileType = wrapper.xcdatamodel; path = Delivery.xcdatamodel; sourceTree = "<group>"; };
		B1EE363D214E73D5003068CD /* BaseViewController.swift */ = {isa = PBXFileReference; lastKnownFileType = sourcecode.swift; path = BaseViewController.swift; sourceTree = "<group>"; };
		B1EE363F214F5A44003068CD /* DeliveryDetailViewController.swift */ = {isa = PBXFileReference; lastKnownFileType = sourcecode.swift; path = DeliveryDetailViewController.swift; sourceTree = "<group>"; };
		B1EE3641214F5B62003068CD /* MapViewCell.swift */ = {isa = PBXFileReference; lastKnownFileType = sourcecode.swift; path = MapViewCell.swift; sourceTree = "<group>"; };
		B1EE36432150013F003068CD /* BaseCollectionViewController.swift */ = {isa = PBXFileReference; lastKnownFileType = sourcecode.swift; path = BaseCollectionViewController.swift; sourceTree = "<group>"; };
		B1EE364621500B15003068CD /* DeliveryListContract.swift */ = {isa = PBXFileReference; lastKnownFileType = sourcecode.swift; path = DeliveryListContract.swift; sourceTree = "<group>"; };
		B1EE364B21501262003068CD /* CollectionViewContract.swift */ = {isa = PBXFileReference; lastKnownFileType = sourcecode.swift; path = CollectionViewContract.swift; sourceTree = "<group>"; };
		C7F80ACAB43EC14A5F0E4448 /* Pods-Delivery.release.xcconfig */ = {isa = PBXFileReference; includeInIndex = 1; lastKnownFileType = text.xcconfig; name = "Pods-Delivery.release.xcconfig"; path = "Pods/Target Support Files/Pods-Delivery/Pods-Delivery.release.xcconfig"; sourceTree = "<group>"; };
		F55C4CED88EA7EA7380B6346 /* Pods_Delivery.framework */ = {isa = PBXFileReference; explicitFileType = wrapper.framework; includeInIndex = 0; path = Pods_Delivery.framework; sourceTree = BUILT_PRODUCTS_DIR; };
/* End PBXFileReference section */

/* Begin PBXFrameworksBuildPhase section */
		B18234DD214CB8620056A72F /* Frameworks */ = {
			isa = PBXFrameworksBuildPhase;
			buildActionMask = 2147483647;
			files = (
				BDA4E566599499CE02979477 /* Pods_Delivery.framework in Frameworks */,
			);
			runOnlyForDeploymentPostprocessing = 0;
		};
		B18234F1214CB8630056A72F /* Frameworks */ = {
			isa = PBXFrameworksBuildPhase;
			buildActionMask = 2147483647;
			files = (
				B6D38DC0659B5D75D1C5C225 /* Pods_DeliveryTests.framework in Frameworks */,
			);
			runOnlyForDeploymentPostprocessing = 0;
		};
/* End PBXFrameworksBuildPhase section */

/* Begin PBXGroup section */
		63449FBE4147BCA48F9C105E /* Pods */ = {
			isa = PBXGroup;
			children = (
				8B2282BB4F5775DA2CD32FAA /* Pods-Delivery.debug.xcconfig */,
				C7F80ACAB43EC14A5F0E4448 /* Pods-Delivery.release.xcconfig */,
				0549AC075C6882541D614609 /* Pods-DeliveryTests.debug.xcconfig */,
				5575A878D3B12140D27D2563 /* Pods-DeliveryTests.release.xcconfig */,
			);
			name = Pods;
			sourceTree = "<group>";
		};
		A2CFCC6673896FFD5C7B91E8 /* Frameworks */ = {
			isa = PBXGroup;
			children = (
				F55C4CED88EA7EA7380B6346 /* Pods_Delivery.framework */,
				2173F7BCE97D6097D952E102 /* Pods_DeliveryTests.framework */,
			);
			name = Frameworks;
			sourceTree = "<group>";
		};
		B18234D7214CB8620056A72F = {
			isa = PBXGroup;
			children = (
				B18234E2214CB8620056A72F /* Delivery */,
				B18234F7214CB8630056A72F /* DeliveryTests */,
				B18234E1214CB8620056A72F /* Products */,
				63449FBE4147BCA48F9C105E /* Pods */,
				A2CFCC6673896FFD5C7B91E8 /* Frameworks */,
			);
			sourceTree = "<group>";
		};
		B18234E1214CB8620056A72F /* Products */ = {
			isa = PBXGroup;
			children = (
				B18234E0214CB8620056A72F /* Delivery.app */,
				B18234F4214CB8630056A72F /* DeliveryTests.xctest */,
			);
			name = Products;
			sourceTree = "<group>";
		};
		B18234E2214CB8620056A72F /* Delivery */ = {
			isa = PBXGroup;
			children = (
				B1EE364821500F37003068CD /* DeliveryList */,
				B1EE364921500FA5003068CD /* DeliveryDetail */,
				B1EE364A2150121E003068CD /* Contract */,
				B1EE3632214D7B4C003068CD /* Network */,
				B1823512214CB9040056A72F /* Extension */,
				B1823510214CB9040056A72F /* CoreData */,
				B1823503214CB9040056A72F /* Model */,
				B1823511214CB9040056A72F /* ViewController */,
				B1823513214CB9040056A72F /* Utility */,
				B1823504214CB9040056A72F /* Resources */,
				B18234E3214CB8620056A72F /* AppDelegate.swift */,
			);
			path = Delivery;
			sourceTree = "<group>";
		};
		B18234F7214CB8630056A72F /* DeliveryTests */ = {
			isa = PBXGroup;
			children = (
				B18234F8214CB8630056A72F /* DeliveryTests.swift */,
				B18234FA214CB8630056A72F /* Info.plist */,
			);
			path = DeliveryTests;
			sourceTree = "<group>";
		};
		B1823503214CB9040056A72F /* Model */ = {
			isa = PBXGroup;
			children = (
				B182351D214CC1430056A72F /* Model.swift */,
			);
			path = Model;
			sourceTree = "<group>";
		};
		B1823504214CB9040056A72F /* Resources */ = {
			isa = PBXGroup;
			children = (
				B1823505214CB9040056A72F /* Config */,
				B1823507214CB9040056A72F /* Images */,
				B1823509214CB9040056A72F /* Storyboard_XIBs */,
			);
			path = Resources;
			sourceTree = "<group>";
		};
		B1823505214CB9040056A72F /* Config */ = {
			isa = PBXGroup;
			children = (
				B1823506214CB9040056A72F /* Info.plist */,
			);
			path = Config;
			sourceTree = "<group>";
		};
		B1823507214CB9040056A72F /* Images */ = {
			isa = PBXGroup;
			children = (
				B1823508214CB9040056A72F /* Assets.xcassets */,
			);
			path = Images;
			sourceTree = "<group>";
		};
		B1823509214CB9040056A72F /* Storyboard_XIBs */ = {
			isa = PBXGroup;
			children = (
				B182350A214CB9040056A72F /* LaunchScreen.storyboard */,
				B182350C214CB9040056A72F /* Main.storyboard */,
			);
			path = Storyboard_XIBs;
			sourceTree = "<group>";
		};
		B1823510214CB9040056A72F /* CoreData */ = {
			isa = PBXGroup;
			children = (
				B1EE3635214E34D6003068CD /* CoreDataManager.swift */,
				B1DEF0572150AF680002EBD2 /* Delivery+Extension.swift */,
				B1EE3637214E34F0003068CD /* Delivery.xcdatamodeld */,
			);
			path = CoreData;
			sourceTree = "<group>";
		};
		B1823511214CB9040056A72F /* ViewController */ = {
			isa = PBXGroup;
			children = (
				B1EE363D214E73D5003068CD /* BaseViewController.swift */,
				B1EE36432150013F003068CD /* BaseCollectionViewController.swift */,
			);
			path = ViewController;
			sourceTree = "<group>";
		};
		B1823512214CB9040056A72F /* Extension */ = {
			isa = PBXGroup;
			children = (
				B182351F214CF7580056A72F /* UIView+Layout.swift */,
				B1D54A752152923900EE72B2 /* Reusable.swift */,
			);
			path = Extension;
			sourceTree = "<group>";
		};
		B1823513214CB9040056A72F /* Utility */ = {
			isa = PBXGroup;
			children = (
				B1823525214D1EAE0056A72F /* Constants.swift */,
			);
			path = Utility;
			sourceTree = "<group>";
		};
		B1EE3632214D7B4C003068CD /* Network */ = {
			isa = PBXGroup;
			children = (
				B1EE3633214D7BAA003068CD /* NetworkManager.swift */,
			);
			path = Network;
			sourceTree = "<group>";
		};
		B1EE364821500F37003068CD /* DeliveryList */ = {
			isa = PBXGroup;
			children = (
				B182351B214CB9E50056A72F /* DeliveryListCoordinator.swift */,
				B1823519214CB9960056A72F /* DeliveryListViewController.swift */,
				B1EE364621500B15003068CD /* DeliveryListContract.swift */,
				B1823523214D14E80056A72F /* DeliveryCell.swift */,
			);
			path = DeliveryList;
			sourceTree = "<group>";
		};
		B1EE364921500FA5003068CD /* DeliveryDetail */ = {
			isa = PBXGroup;
			children = (
				B1EE363F214F5A44003068CD /* DeliveryDetailViewController.swift */,
				B1DEF0552150A03A0002EBD2 /* DeliveryDetailContract.swift */,
				B1EE3641214F5B62003068CD /* MapViewCell.swift */,
			);
			path = DeliveryDetail;
			sourceTree = "<group>";
		};
		B1EE364A2150121E003068CD /* Contract */ = {
			isa = PBXGroup;
			children = (
				B1EE364B21501262003068CD /* CollectionViewContract.swift */,
			);
			path = Contract;
			sourceTree = "<group>";
		};
/* End PBXGroup section */

/* Begin PBXNativeTarget section */
		B18234DF214CB8620056A72F /* Delivery */ = {
			isa = PBXNativeTarget;
			buildConfigurationList = B18234FD214CB8630056A72F /* Build configuration list for PBXNativeTarget "Delivery" */;
			buildPhases = (
				B9DCABBD6E084D5C48B8550C /* [CP] Check Pods Manifest.lock */,
				B18234DC214CB8620056A72F /* Sources */,
				B18234DD214CB8620056A72F /* Frameworks */,
				B18234DE214CB8620056A72F /* Resources */,
				C5F09E7054EAB5A6529DCED3 /* [CP] Embed Pods Frameworks */,
			);
			buildRules = (
			);
			dependencies = (
			);
			name = Delivery;
			productName = Delivery;
			productReference = B18234E0214CB8620056A72F /* Delivery.app */;
			productType = "com.apple.product-type.application";
		};
		B18234F3214CB8630056A72F /* DeliveryTests */ = {
			isa = PBXNativeTarget;
			buildConfigurationList = B1823500214CB8630056A72F /* Build configuration list for PBXNativeTarget "DeliveryTests" */;
			buildPhases = (
				7B6886E6CDB2AB420B7A55E2 /* [CP] Check Pods Manifest.lock */,
				B18234F0214CB8630056A72F /* Sources */,
				B18234F1214CB8630056A72F /* Frameworks */,
				B18234F2214CB8630056A72F /* Resources */,
			);
			buildRules = (
			);
			dependencies = (
				B18234F6214CB8630056A72F /* PBXTargetDependency */,
			);
			name = DeliveryTests;
			productName = DeliveryTests;
			productReference = B18234F4214CB8630056A72F /* DeliveryTests.xctest */;
			productType = "com.apple.product-type.bundle.unit-test";
		};
/* End PBXNativeTarget section */

/* Begin PBXProject section */
		B18234D8214CB8620056A72F /* Project object */ = {
			isa = PBXProject;
			attributes = {
				LastSwiftUpdateCheck = 0940;
				LastUpgradeCheck = 0940;
				ORGANIZATIONNAME = Jyothish;
				TargetAttributes = {
					B18234DF214CB8620056A72F = {
						CreatedOnToolsVersion = 9.4.1;
					};
					B18234F3214CB8630056A72F = {
						CreatedOnToolsVersion = 9.4.1;
						TestTargetID = B18234DF214CB8620056A72F;
					};
				};
			};
			buildConfigurationList = B18234DB214CB8620056A72F /* Build configuration list for PBXProject "Delivery" */;
			compatibilityVersion = "Xcode 9.3";
			developmentRegion = en;
			hasScannedForEncodings = 0;
			knownRegions = (
				en,
				Base,
			);
			mainGroup = B18234D7214CB8620056A72F;
			productRefGroup = B18234E1214CB8620056A72F /* Products */;
			projectDirPath = "";
			projectRoot = "";
			targets = (
				B18234DF214CB8620056A72F /* Delivery */,
				B18234F3214CB8630056A72F /* DeliveryTests */,
			);
		};
/* End PBXProject section */

/* Begin PBXResourcesBuildPhase section */
		B18234DE214CB8620056A72F /* Resources */ = {
			isa = PBXResourcesBuildPhase;
			buildActionMask = 2147483647;
			files = (
				B1823516214CB9040056A72F /* LaunchScreen.storyboard in Resources */,
				B1823515214CB9040056A72F /* Assets.xcassets in Resources */,
				B1823517214CB9040056A72F /* Main.storyboard in Resources */,
			);
			runOnlyForDeploymentPostprocessing = 0;
		};
		B18234F2214CB8630056A72F /* Resources */ = {
			isa = PBXResourcesBuildPhase;
			buildActionMask = 2147483647;
			files = (
			);
			runOnlyForDeploymentPostprocessing = 0;
		};
/* End PBXResourcesBuildPhase section */

/* Begin PBXShellScriptBuildPhase section */
		7B6886E6CDB2AB420B7A55E2 /* [CP] Check Pods Manifest.lock */ = {
			isa = PBXShellScriptBuildPhase;
			buildActionMask = 2147483647;
			files = (
			);
			inputPaths = (
				"${PODS_PODFILE_DIR_PATH}/Podfile.lock",
				"${PODS_ROOT}/Manifest.lock",
			);
			name = "[CP] Check Pods Manifest.lock";
			outputPaths = (
				"$(DERIVED_FILE_DIR)/Pods-DeliveryTests-checkManifestLockResult.txt",
			);
			runOnlyForDeploymentPostprocessing = 0;
			shellPath = /bin/sh;
			shellScript = "diff \"${PODS_PODFILE_DIR_PATH}/Podfile.lock\" \"${PODS_ROOT}/Manifest.lock\" > /dev/null\nif [ $? != 0 ] ; then\n    # print error to STDERR\n    echo \"error: The sandbox is not in sync with the Podfile.lock. Run 'pod install' or update your CocoaPods installation.\" >&2\n    exit 1\nfi\n# This output is used by Xcode 'outputs' to avoid re-running this script phase.\necho \"SUCCESS\" > \"${SCRIPT_OUTPUT_FILE_0}\"\n";
			showEnvVarsInLog = 0;
		};
		B9DCABBD6E084D5C48B8550C /* [CP] Check Pods Manifest.lock */ = {
			isa = PBXShellScriptBuildPhase;
			buildActionMask = 2147483647;
			files = (
			);
			inputPaths = (
				"${PODS_PODFILE_DIR_PATH}/Podfile.lock",
				"${PODS_ROOT}/Manifest.lock",
			);
			name = "[CP] Check Pods Manifest.lock";
			outputPaths = (
				"$(DERIVED_FILE_DIR)/Pods-Delivery-checkManifestLockResult.txt",
			);
			runOnlyForDeploymentPostprocessing = 0;
			shellPath = /bin/sh;
			shellScript = "diff \"${PODS_PODFILE_DIR_PATH}/Podfile.lock\" \"${PODS_ROOT}/Manifest.lock\" > /dev/null\nif [ $? != 0 ] ; then\n    # print error to STDERR\n    echo \"error: The sandbox is not in sync with the Podfile.lock. Run 'pod install' or update your CocoaPods installation.\" >&2\n    exit 1\nfi\n# This output is used by Xcode 'outputs' to avoid re-running this script phase.\necho \"SUCCESS\" > \"${SCRIPT_OUTPUT_FILE_0}\"\n";
			showEnvVarsInLog = 0;
		};
		C5F09E7054EAB5A6529DCED3 /* [CP] Embed Pods Frameworks */ = {
			isa = PBXShellScriptBuildPhase;
			buildActionMask = 2147483647;
			files = (
			);
			inputPaths = (
				"${SRCROOT}/Pods/Target Support Files/Pods-Delivery/Pods-Delivery-frameworks.sh",
				"${BUILT_PRODUCTS_DIR}/Alamofire/Alamofire.framework",
				"${BUILT_PRODUCTS_DIR}/SDWebImage/SDWebImage.framework",
			);
			name = "[CP] Embed Pods Frameworks";
			outputPaths = (
				"${TARGET_BUILD_DIR}/${FRAMEWORKS_FOLDER_PATH}/Alamofire.framework",
				"${TARGET_BUILD_DIR}/${FRAMEWORKS_FOLDER_PATH}/SDWebImage.framework",
			);
			runOnlyForDeploymentPostprocessing = 0;
			shellPath = /bin/sh;
			shellScript = "\"${SRCROOT}/Pods/Target Support Files/Pods-Delivery/Pods-Delivery-frameworks.sh\"\n";
			showEnvVarsInLog = 0;
		};
/* End PBXShellScriptBuildPhase section */

/* Begin PBXSourcesBuildPhase section */
		B18234DC214CB8620056A72F /* Sources */ = {
			isa = PBXSourcesBuildPhase;
			buildActionMask = 2147483647;
			files = (
				B1DEF0582150AF680002EBD2 /* Delivery+Extension.swift in Sources */,
				B1EE364C21501262003068CD /* CollectionViewContract.swift in Sources */,
				B1EE3634214D7BAA003068CD /* NetworkManager.swift in Sources */,
				B182351A214CB9960056A72F /* DeliveryListViewController.swift in Sources */,
				B1EE364721500B15003068CD /* DeliveryListContract.swift in Sources */,
				B1EE3639214E34F0003068CD /* Delivery.xcdatamodeld in Sources */,
				B1EE3640214F5A45003068CD /* DeliveryDetailViewController.swift in Sources */,
				B182351C214CB9E50056A72F /* DeliveryListCoordinator.swift in Sources */,
				B1DEF0562150A03A0002EBD2 /* DeliveryDetailContract.swift in Sources */,
				B1EE363E214E73D5003068CD /* BaseViewController.swift in Sources */,
				B18234E4214CB8620056A72F /* AppDelegate.swift in Sources */,
				B1823524214D14E80056A72F /* DeliveryCell.swift in Sources */,
				B1EE36442150013F003068CD /* BaseCollectionViewController.swift in Sources */,
				B1823526214D1EAE0056A72F /* Constants.swift in Sources */,
				B182351E214CC1430056A72F /* Model.swift in Sources */,
				B1EE3642214F5B62003068CD /* MapViewCell.swift in Sources */,
				B1D54A762152923900EE72B2 /* Reusable.swift in Sources */,
				B1EE3636214E34D6003068CD /* CoreDataManager.swift in Sources */,
				B1823520214CF7580056A72F /* UIView+Layout.swift in Sources */,
			);
			runOnlyForDeploymentPostprocessing = 0;
		};
		B18234F0214CB8630056A72F /* Sources */ = {
			isa = PBXSourcesBuildPhase;
			buildActionMask = 2147483647;
			files = (
				B18234F9214CB8630056A72F /* DeliveryTests.swift in Sources */,
			);
			runOnlyForDeploymentPostprocessing = 0;
		};
/* End PBXSourcesBuildPhase section */

/* Begin PBXTargetDependency section */
		B18234F6214CB8630056A72F /* PBXTargetDependency */ = {
			isa = PBXTargetDependency;
			target = B18234DF214CB8620056A72F /* Delivery */;
			targetProxy = B18234F5214CB8630056A72F /* PBXContainerItemProxy */;
		};
/* End PBXTargetDependency section */

/* Begin PBXVariantGroup section */
		B182350A214CB9040056A72F /* LaunchScreen.storyboard */ = {
			isa = PBXVariantGroup;
			children = (
				B182350B214CB9040056A72F /* Base */,
			);
			name = LaunchScreen.storyboard;
			sourceTree = "<group>";
		};
		B182350C214CB9040056A72F /* Main.storyboard */ = {
			isa = PBXVariantGroup;
			children = (
				B182350D214CB9040056A72F /* Base */,
			);
			name = Main.storyboard;
			sourceTree = "<group>";
		};
/* End PBXVariantGroup section */

/* Begin XCBuildConfiguration section */
		B18234FB214CB8630056A72F /* Debug */ = {
			isa = XCBuildConfiguration;
			buildSettings = {
				ALWAYS_SEARCH_USER_PATHS = NO;
				CLANG_ANALYZER_NONNULL = YES;
				CLANG_ANALYZER_NUMBER_OBJECT_CONVERSION = YES_AGGRESSIVE;
				CLANG_CXX_LANGUAGE_STANDARD = "gnu++14";
				CLANG_CXX_LIBRARY = "libc++";
				CLANG_ENABLE_MODULES = YES;
				CLANG_ENABLE_OBJC_ARC = YES;
				CLANG_ENABLE_OBJC_WEAK = YES;
				CLANG_WARN_BLOCK_CAPTURE_AUTORELEASING = YES;
				CLANG_WARN_BOOL_CONVERSION = YES;
				CLANG_WARN_COMMA = YES;
				CLANG_WARN_CONSTANT_CONVERSION = YES;
				CLANG_WARN_DEPRECATED_OBJC_IMPLEMENTATIONS = YES;
				CLANG_WARN_DIRECT_OBJC_ISA_USAGE = YES_ERROR;
				CLANG_WARN_DOCUMENTATION_COMMENTS = YES;
				CLANG_WARN_EMPTY_BODY = YES;
				CLANG_WARN_ENUM_CONVERSION = YES;
				CLANG_WARN_INFINITE_RECURSION = YES;
				CLANG_WARN_INT_CONVERSION = YES;
				CLANG_WARN_NON_LITERAL_NULL_CONVERSION = YES;
				CLANG_WARN_OBJC_IMPLICIT_RETAIN_SELF = YES;
				CLANG_WARN_OBJC_LITERAL_CONVERSION = YES;
				CLANG_WARN_OBJC_ROOT_CLASS = YES_ERROR;
				CLANG_WARN_RANGE_LOOP_ANALYSIS = YES;
				CLANG_WARN_STRICT_PROTOTYPES = YES;
				CLANG_WARN_SUSPICIOUS_MOVE = YES;
				CLANG_WARN_UNGUARDED_AVAILABILITY = YES_AGGRESSIVE;
				CLANG_WARN_UNREACHABLE_CODE = YES;
				CLANG_WARN__DUPLICATE_METHOD_MATCH = YES;
				CODE_SIGN_IDENTITY = "iPhone Developer";
				COPY_PHASE_STRIP = NO;
				DEBUG_INFORMATION_FORMAT = dwarf;
				ENABLE_STRICT_OBJC_MSGSEND = YES;
				ENABLE_TESTABILITY = YES;
				GCC_C_LANGUAGE_STANDARD = gnu11;
				GCC_DYNAMIC_NO_PIC = NO;
				GCC_NO_COMMON_BLOCKS = YES;
				GCC_OPTIMIZATION_LEVEL = 0;
				GCC_PREPROCESSOR_DEFINITIONS = (
					"DEBUG=1",
					"$(inherited)",
				);
				GCC_WARN_64_TO_32_BIT_CONVERSION = YES;
				GCC_WARN_ABOUT_RETURN_TYPE = YES_ERROR;
				GCC_WARN_UNDECLARED_SELECTOR = YES;
				GCC_WARN_UNINITIALIZED_AUTOS = YES_AGGRESSIVE;
				GCC_WARN_UNUSED_FUNCTION = YES;
				GCC_WARN_UNUSED_VARIABLE = YES;
				IPHONEOS_DEPLOYMENT_TARGET = 11.4;
				MTL_ENABLE_DEBUG_INFO = YES;
				ONLY_ACTIVE_ARCH = YES;
				SDKROOT = iphoneos;
				SWIFT_ACTIVE_COMPILATION_CONDITIONS = DEBUG;
				SWIFT_OPTIMIZATION_LEVEL = "-Onone";
			};
			name = Debug;
		};
		B18234FC214CB8630056A72F /* Release */ = {
			isa = XCBuildConfiguration;
			buildSettings = {
				ALWAYS_SEARCH_USER_PATHS = NO;
				CLANG_ANALYZER_NONNULL = YES;
				CLANG_ANALYZER_NUMBER_OBJECT_CONVERSION = YES_AGGRESSIVE;
				CLANG_CXX_LANGUAGE_STANDARD = "gnu++14";
				CLANG_CXX_LIBRARY = "libc++";
				CLANG_ENABLE_MODULES = YES;
				CLANG_ENABLE_OBJC_ARC = YES;
				CLANG_ENABLE_OBJC_WEAK = YES;
				CLANG_WARN_BLOCK_CAPTURE_AUTORELEASING = YES;
				CLANG_WARN_BOOL_CONVERSION = YES;
				CLANG_WARN_COMMA = YES;
				CLANG_WARN_CONSTANT_CONVERSION = YES;
				CLANG_WARN_DEPRECATED_OBJC_IMPLEMENTATIONS = YES;
				CLANG_WARN_DIRECT_OBJC_ISA_USAGE = YES_ERROR;
				CLANG_WARN_DOCUMENTATION_COMMENTS = YES;
				CLANG_WARN_EMPTY_BODY = YES;
				CLANG_WARN_ENUM_CONVERSION = YES;
				CLANG_WARN_INFINITE_RECURSION = YES;
				CLANG_WARN_INT_CONVERSION = YES;
				CLANG_WARN_NON_LITERAL_NULL_CONVERSION = YES;
				CLANG_WARN_OBJC_IMPLICIT_RETAIN_SELF = YES;
				CLANG_WARN_OBJC_LITERAL_CONVERSION = YES;
				CLANG_WARN_OBJC_ROOT_CLASS = YES_ERROR;
				CLANG_WARN_RANGE_LOOP_ANALYSIS = YES;
				CLANG_WARN_STRICT_PROTOTYPES = YES;
				CLANG_WARN_SUSPICIOUS_MOVE = YES;
				CLANG_WARN_UNGUARDED_AVAILABILITY = YES_AGGRESSIVE;
				CLANG_WARN_UNREACHABLE_CODE = YES;
				CLANG_WARN__DUPLICATE_METHOD_MATCH = YES;
				CODE_SIGN_IDENTITY = "iPhone Developer";
				COPY_PHASE_STRIP = NO;
				DEBUG_INFORMATION_FORMAT = "dwarf-with-dsym";
				ENABLE_NS_ASSERTIONS = NO;
				ENABLE_STRICT_OBJC_MSGSEND = YES;
				GCC_C_LANGUAGE_STANDARD = gnu11;
				GCC_NO_COMMON_BLOCKS = YES;
				GCC_WARN_64_TO_32_BIT_CONVERSION = YES;
				GCC_WARN_ABOUT_RETURN_TYPE = YES_ERROR;
				GCC_WARN_UNDECLARED_SELECTOR = YES;
				GCC_WARN_UNINITIALIZED_AUTOS = YES_AGGRESSIVE;
				GCC_WARN_UNUSED_FUNCTION = YES;
				GCC_WARN_UNUSED_VARIABLE = YES;
				IPHONEOS_DEPLOYMENT_TARGET = 11.4;
				MTL_ENABLE_DEBUG_INFO = NO;
				SDKROOT = iphoneos;
				SWIFT_COMPILATION_MODE = wholemodule;
				SWIFT_OPTIMIZATION_LEVEL = "-O";
				VALIDATE_PRODUCT = YES;
			};
			name = Release;
		};
		B18234FE214CB8630056A72F /* Debug */ = {
			isa = XCBuildConfiguration;
			baseConfigurationReference = 8B2282BB4F5775DA2CD32FAA /* Pods-Delivery.debug.xcconfig */;
			buildSettings = {
				ASSETCATALOG_COMPILER_APPICON_NAME = AppIcon;
				CODE_SIGN_STYLE = Manual;
				DEVELOPMENT_TEAM = "";
				INFOPLIST_FILE = "$(SRCROOT)/Delivery/Resources/Config/Info.plist";
				IPHONEOS_DEPLOYMENT_TARGET = 10.0;
				LD_RUNPATH_SEARCH_PATHS = (
					"$(inherited)",
					"@executable_path/Frameworks",
				);
				PRODUCT_BUNDLE_IDENTIFIER = com.learning.delivery;
				PRODUCT_NAME = "$(TARGET_NAME)";
				PROVISIONING_PROFILE_SPECIFIER = "";
				SWIFT_VERSION = 4.2;
				TARGETED_DEVICE_FAMILY = "1,2";
			};
			name = Debug;
		};
		B18234FF214CB8630056A72F /* Release */ = {
			isa = XCBuildConfiguration;
			baseConfigurationReference = C7F80ACAB43EC14A5F0E4448 /* Pods-Delivery.release.xcconfig */;
			buildSettings = {
				ASSETCATALOG_COMPILER_APPICON_NAME = AppIcon;
				CODE_SIGN_STYLE = Manual;
				DEVELOPMENT_TEAM = "";
				INFOPLIST_FILE = "$(SRCROOT)/Delivery/Resources/Config/Info.plist";
				IPHONEOS_DEPLOYMENT_TARGET = 10.0;
				LD_RUNPATH_SEARCH_PATHS = (
					"$(inherited)",
					"@executable_path/Frameworks",
				);
				PRODUCT_BUNDLE_IDENTIFIER = com.learning.delivery;
				PRODUCT_NAME = "$(TARGET_NAME)";
				PROVISIONING_PROFILE_SPECIFIER = "";
				SWIFT_VERSION = 4.2;
				TARGETED_DEVICE_FAMILY = "1,2";
			};
			name = Release;
		};
		B1823501214CB8630056A72F /* Debug */ = {
			isa = XCBuildConfiguration;
			baseConfigurationReference = 0549AC075C6882541D614609 /* Pods-DeliveryTests.debug.xcconfig */;
			buildSettings = {
				ALWAYS_EMBED_SWIFT_STANDARD_LIBRARIES = YES;
				BUNDLE_LOADER = "$(TEST_HOST)";
				CODE_SIGN_STYLE = Automatic;
				INFOPLIST_FILE = DeliveryTests/Info.plist;
				LD_RUNPATH_SEARCH_PATHS = (
					"$(inherited)",
					"@executable_path/Frameworks",
					"@loader_path/Frameworks",
				);
				PRODUCT_BUNDLE_IDENTIFIER = com.learning.delivery.DeliveryTests;
				PRODUCT_NAME = "$(TARGET_NAME)";
				SWIFT_VERSION = 4.0;
				TARGETED_DEVICE_FAMILY = "1,2";
				TEST_HOST = "$(BUILT_PRODUCTS_DIR)/Delivery.app/Delivery";
			};
			name = Debug;
		};
		B1823502214CB8630056A72F /* Release */ = {
			isa = XCBuildConfiguration;
			baseConfigurationReference = 5575A878D3B12140D27D2563 /* Pods-DeliveryTests.release.xcconfig */;
			buildSettings = {
				ALWAYS_EMBED_SWIFT_STANDARD_LIBRARIES = YES;
				BUNDLE_LOADER = "$(TEST_HOST)";
				CODE_SIGN_STYLE = Automatic;
				INFOPLIST_FILE = DeliveryTests/Info.plist;
				LD_RUNPATH_SEARCH_PATHS = (
					"$(inherited)",
					"@executable_path/Frameworks",
					"@loader_path/Frameworks",
				);
				PRODUCT_BUNDLE_IDENTIFIER = com.learning.delivery.DeliveryTests;
				PRODUCT_NAME = "$(TARGET_NAME)";
				SWIFT_VERSION = 4.0;
				TARGETED_DEVICE_FAMILY = "1,2";
				TEST_HOST = "$(BUILT_PRODUCTS_DIR)/Delivery.app/Delivery";
			};
			name = Release;
		};
/* End XCBuildConfiguration section */

/* Begin XCConfigurationList section */
		B18234DB214CB8620056A72F /* Build configuration list for PBXProject "Delivery" */ = {
			isa = XCConfigurationList;
			buildConfigurations = (
				B18234FB214CB8630056A72F /* Debug */,
				B18234FC214CB8630056A72F /* Release */,
			);
			defaultConfigurationIsVisible = 0;
			defaultConfigurationName = Release;
		};
		B18234FD214CB8630056A72F /* Build configuration list for PBXNativeTarget "Delivery" */ = {
			isa = XCConfigurationList;
			buildConfigurations = (
				B18234FE214CB8630056A72F /* Debug */,
				B18234FF214CB8630056A72F /* Release */,
			);
			defaultConfigurationIsVisible = 0;
			defaultConfigurationName = Release;
		};
		B1823500214CB8630056A72F /* Build configuration list for PBXNativeTarget "DeliveryTests" */ = {
			isa = XCConfigurationList;
			buildConfigurations = (
				B1823501214CB8630056A72F /* Debug */,
				B1823502214CB8630056A72F /* Release */,
			);
			defaultConfigurationIsVisible = 0;
			defaultConfigurationName = Release;
		};
/* End XCConfigurationList section */

/* Begin XCVersionGroup section */
		B1EE3637214E34F0003068CD /* Delivery.xcdatamodeld */ = {
			isa = XCVersionGroup;
			children = (
				B1EE3638214E34F0003068CD /* Delivery.xcdatamodel */,
			);
			currentVersion = B1EE3638214E34F0003068CD /* Delivery.xcdatamodel */;
			path = Delivery.xcdatamodeld;
			sourceTree = "<group>";
			versionGroupType = wrapper.xcdatamodel;
		};
/* End XCVersionGroup section */
	};
	rootObject = B18234D8214CB8620056A72F /* Project object */;
}
